
Microsoft Visual Studio Solution File, Format Version 11.00
# Visual Studio 2010
Project("{FAE04EC0-301F-11D3-BF4B-00C04F79EFBC}") = "m2d", "Assembly-CSharp.csproj", "{FB343C59-9C1B-3CB3-47FB-6E46D00896C5}"
EndProject
Project("{FAE04EC0-301F-11D3-BF4B-00C04F79EFBC}") = "m2d", "Assembly-CSharp-firstpass.csproj", "{7865DDB3-106A-2632-339D-846E36389845}"
EndProject
Project("{FAE04EC0-301F-11D3-BF4B-00C04F79EFBC}") = "m2d", "Assembly-CSharp-Editor-firstpass.csproj", "{AB7371D8-1600-DAC7-9C3C-C46D7AB07697}"
EndProject
Global
	GlobalSection(SolutionConfigurationPlatforms) = preSolution
		Debug|Any CPU = Debug|Any CPU
		Release|Any CPU = Release|Any CPU
	EndGlobalSection
	GlobalSection(ProjectConfigurationPlatforms) = postSolution
		{FB343C59-9C1B-3CB3-47FB-6E46D00896C5}.Debug|Any CPU.ActiveCfg = Debug|Any CPU
		{FB343C59-9C1B-3CB3-47FB-6E46D00896C5}.Debug|Any CPU.Build.0 = Debug|Any CPU
		{FB343C59-9C1B-3CB3-47FB-6E46D00896C5}.Release|Any CPU.ActiveCfg = Release|Any CPU
		{FB343C59-9C1B-3CB3-47FB-6E46D00896C5}.Release|Any CPU.Build.0 = Release|Any CPU
		{7865DDB3-106A-2632-339D-846E36389845}.Debug|Any CPU.ActiveCfg = Debug|Any CPU
		{7865DDB3-106A-2632-339D-846E36389845}.Debug|Any CPU.Build.0 = Debug|Any CPU
		{7865DDB3-106A-2632-339D-846E36389845}.Release|Any CPU.ActiveCfg = Release|Any CPU
		{7865DDB3-106A-2632-339D-846E36389845}.Release|Any CPU.Build.0 = Release|Any CPU
		{AB7371D8-1600-DAC7-9C3C-C46D7AB07697}.Debug|Any CPU.ActiveCfg = Debug|Any CPU
		{AB7371D8-1600-DAC7-9C3C-C46D7AB07697}.Debug|Any CPU.Build.0 = Debug|Any CPU
		{AB7371D8-1600-DAC7-9C3C-C46D7AB07697}.Release|Any CPU.ActiveCfg = Release|Any CPU
		{AB7371D8-1600-DAC7-9C3C-C46D7AB07697}.Release|Any CPU.Build.0 = Release|Any CPU
	EndGlobalSection
	GlobalSection(SolutionProperties) = preSolution
		HideSolutionNode = FALSE
	EndGlobalSection
	GlobalSection(MonoDevelopProperties) = preSolution
		StartupItem = Assembly-CSharp.csproj
	EndGlobalSection
EndGlobal
